
Microsoft Visual Studio Solution File, Format Version 12.00
# Visual Studio Version 16
VisualStudioVersion = 16.0.29709.97
MinimumVisualStudioVersion = 10.0.40219.1
Project("{FAE04EC0-301F-11D3-BF4B-00C04F79EFBC}") = "ConsoleApp3", "ConsoleApp3\ConsoleApp3.csproj", "{7159691D-9446-4817-8D5E-3654B3F5A6E6}"
EndProject
Global
	GlobalSection(SolutionConfigurationPlatforms) = preSolution
		Debug|Any CPU = Debug|Any CPU
		Release|Any CPU = Release|Any CPU
	EndGlobalSection
	GlobalSection(ProjectConfigurationPlatforms) = postSolution
		{7159691D-9446-4817-8D5E-3654B3F5A6E6}.Debug|Any CPU.ActiveCfg = Debug|Any CPU
		{7159691D-9446-4817-8D5E-3654B3F5A6E6}.Debug|Any CPU.Build.0 = Debug|Any CPU
		{7159691D-9446-4817-8D5E-3654B3F5A6E6}.Release|Any CPU.ActiveCfg = Release|Any CPU
		{7159691D-9446-4817-8D5E-3654B3F5A6E6}.Release|Any CPU.Build.0 = Release|Any CPU
	EndGlobalSection
	GlobalSection(SolutionProperties) = preSolution
		HideSolutionNode = FALSE
	EndGlobalSection
	GlobalSection(ExtensibilityGlobals) = postSolution
		SolutionGuid = {244913D8-03CB-4493-A1AC-9C2F99E25683}
	EndGlobalSection
EndGlobal
